{
  "name": "@unpourtous/trident",
  "version": "1.0.0",
  "lockfileVersion": 1,
  "requires": true,
  "dependencies": {
    "@babel/code-frame": {
      "version": "7.0.0",
      "resolved": "http://registry.npm.taobao.org/@babel/code-frame/download/@babel/code-frame-7.0.0.tgz",
      "integrity": "sha1-BuKrGb21NThVWaq7W6WXKUgoAPg=",
      "dev": true,
      "requires": {
        "@babel/highlight": "^7.0.0"
      }
    },
    "@babel/generator": {
      "version": "7.4.0",
      "resolved": "https://registry.npm.taobao.org/@babel/generator/download/@babel/generator-7.4.0.tgz",
      "integrity": "sha1-wjDnlYmuenKf1GMbne1NwiBBgZY=",
      "dev": true,
      "requires": {
        "@babel/types": "^7.4.0",
        "jsesc": "^2.5.1",
        "lodash": "^4.17.11",
        "source-map": "^0.5.0",
        "trim-right": "^1.0.1"
      }
    },
    "@babel/helper-function-name": {
      "version": "7.1.0",
      "resolved": "http://registry.npm.taobao.org/@babel/helper-function-name/download/@babel/helper-function-name-7.1.0.tgz",
      "integrity": "sha1-oM6wFoX3M1XUNgwSR/WCv6/I/1M=",
      "dev": true,
      "requires": {
        "@babel/helper-get-function-arity": "^7.0.0",
        "@babel/template": "^7.1.0",
        "@babel/types": "^7.0.0"
      }
    },
    "@babel/helper-get-function-arity": {
      "version": "7.0.0",
      "resolved": "http://registry.npm.taobao.org/@babel/helper-get-function-arity/download/@babel/helper-get-function-arity-7.0.0.tgz",
      "integrity": "sha1-g1ctQyDipGVyY3NBE8QoaLZOScM=",
      "dev": true,
      "requires": {
        "@babel/types": "^7.0.0"
      }
    },
    "@babel/helper-split-export-declaration": {
      "version": "7.4.0",
      "resolved": "https://registry.npm.taobao.org/@babel/helper-split-export-declaration/download/@babel/helper-split-export-declaration-7.4.0.tgz",
      "integrity": "sha1-Vxv9UnAfSSkg1jt/c1Aw6aPhC1U=",
      "dev": true,
      "requires": {
        "@babel/types": "^7.4.0"
      }
    },
    "@babel/highlight": {
      "version": "7.0.0",
      "resolved": "http://registry.npm.taobao.org/@babel/highlight/download/@babel/highlight-7.0.0.tgz",
      "integrity": "sha1-9xDDjI1Fjm3ZogGvtjf8t4HOmeQ=",
      "dev": true,
      "requires": {
        "chalk": "^2.0.0",
        "esutils": "^2.0.2",
        "js-tokens": "^4.0.0"
      }
    },
    "@babel/parser": {
      "version": "7.4.3",
      "resolved": "https://registry.npm.taobao.org/@babel/parser/download/@babel/parser-7.4.3.tgz",
      "integrity": "sha1-6zrID2SqEByQfUzlQGNg/nW3iVs=",
      "dev": true
    },
    "@babel/template": {
      "version": "7.4.0",
      "resolved": "https://registry.npm.taobao.org/@babel/template/download/@babel/template-7.4.0.tgz",
      "integrity": "sha1-EkdOnAd7rlhcXYNalcCwt5DCXIs=",
      "dev": true,
      "requires": {
        "@babel/code-frame": "^7.0.0",
        "@babel/parser": "^7.4.0",
        "@babel/types": "^7.4.0"
      }
    },
    "@babel/traverse": {
      "version": "7.4.3",
      "resolved": "https://registry.npm.taobao.org/@babel/traverse/download/@babel/traverse-7.4.3.tgz",
      "integrity": "sha1-GgHwePxXXVif8wwPcb88PZzLrYQ=",
      "dev": true,
      "requires": {
        "@babel/code-frame": "^7.0.0",
        "@babel/generator": "^7.4.0",
        "@babel/helper-function-name": "^7.1.0",
        "@babel/helper-split-export-declaration": "^7.4.0",
        "@babel/parser": "^7.4.3",
        "@babel/types": "^7.4.0",
        "debug": "^4.1.0",
        "globals": "^11.1.0",
        "lodash": "^4.17.11"
      }
    },
    "@babel/types": {
      "version": "7.4.0",
      "resolved": "https://registry.npm.taobao.org/@babel/types/download/@babel/types-7.4.0.tgz",
      "integrity": "sha1-Zwck930kzObMfYz2RZnVEdFkiUw=",
      "dev": true,
      "requires": {
        "esutils": "^2.0.2",
        "lodash": "^4.17.11",
        "to-fast-properties": "^2.0.0"
      }
    },
    "ansi-escapes": {
      "version": "3.2.0",
      "resolved": "https://registry.npm.taobao.org/ansi-escapes/download/ansi-escapes-3.2.0.tgz",
      "integrity": "sha1-h4C5j/nb9WOBUtHx/lwde0RCl2s=",
      "dev": true
    },
    "ansi-regex": {
      "version": "3.0.0",
      "resolved": "https://registry.npmjs.org/ansi-regex/-/ansi-regex-3.0.0.tgz",
      "integrity": "sha1-7QMXwyIGT3lGbAKWa922Bas32Zg=",
      "dev": true
    },
    "ansi-styles": {
      "version": "3.2.1",
      "resolved": "https://registry.npmjs.org/ansi-styles/-/ansi-styles-3.2.1.tgz",
      "integrity": "sha512-VT0ZI6kZRdTh8YyJw3SMbYm/u+NqfsAxEpWO0Pf9sq8/e94WxxOpPKx9FR1FlyCtOVDNOQ+8ntlqFxiRc+r5qA==",
      "dev": true,
      "requires": {
        "color-convert": "^1.9.0"
      }
    },
    "babel-generator": {
      "version": "6.26.1",
      "resolved": "http://registry.npm.taobao.org/babel-generator/download/babel-generator-6.26.1.tgz",
      "integrity": "sha1-GERAjTuPDTWkBOp6wYDwh6YBvZA=",
      "dev": true,
      "requires": {
        "babel-messages": "^6.23.0",
        "babel-runtime": "^6.26.0",
        "babel-types": "^6.26.0",
        "detect-indent": "^4.0.0",
        "jsesc": "^1.3.0",
        "lodash": "^4.17.4",
        "source-map": "^0.5.7",
        "trim-right": "^1.0.1"
      },
      "dependencies": {
        "jsesc": {
          "version": "1.3.0",
          "resolved": "http://registry.npm.taobao.org/jsesc/download/jsesc-1.3.0.tgz",
          "integrity": "sha1-RsP+yMGJKxKwgz25vHYiF226s0s=",
          "dev": true
        }
      }
    },
    "babel-messages": {
      "version": "6.23.0",
      "resolved": "http://registry.npm.taobao.org/babel-messages/download/babel-messages-6.23.0.tgz",
      "integrity": "sha1-8830cDhYA1sqKVHG7F7fbGLyYw4=",
      "dev": true,
      "requires": {
        "babel-runtime": "^6.22.0"
      }
    },
    "babel-runtime": {
      "version": "6.26.0",
      "resolved": "http://registry.npm.taobao.org/babel-runtime/download/babel-runtime-6.26.0.tgz",
      "integrity": "sha1-llxwWGaOgrVde/4E/yM3vItWR/4=",
      "dev": true,
      "requires": {
        "core-js": "^2.4.0",
        "regenerator-runtime": "^0.11.0"
      }
    },
    "babel-types": {
      "version": "6.26.0",
      "resolved": "http://registry.npm.taobao.org/babel-types/download/babel-types-6.26.0.tgz",
      "integrity": "sha1-o7Bz+Uq0nrb6Vc1lInozQ4BjJJc=",
      "dev": true,
      "requires": {
        "babel-runtime": "^6.26.0",
        "esutils": "^2.0.2",
        "lodash": "^4.17.4",
        "to-fast-properties": "^1.0.3"
      },
      "dependencies": {
        "to-fast-properties": {
          "version": "1.0.3",
          "resolved": "http://registry.npm.taobao.org/to-fast-properties/download/to-fast-properties-1.0.3.tgz",
          "integrity": "sha1-uDVx+k2MJbguIxsG46MFXeTKGkc=",
          "dev": true
        }
      }
    },
    "balanced-match": {
      "version": "1.0.0",
      "resolved": "https://registry.npmjs.org/balanced-match/-/balanced-match-1.0.0.tgz",
      "integrity": "sha1-ibTRmasr7kneFk6gK4nORi1xt2c="
    },
    "brace-expansion": {
      "version": "1.1.11",
      "resolved": "https://registry.npmjs.org/brace-expansion/-/brace-expansion-1.1.11.tgz",
      "integrity": "sha512-iCuPHDFgrHX7H2vEI/5xpz07zSHB00TpugqhmYtVmMO6518mCuRMoOYFldEBl0g187ufozdaHgWKcYFb61qGiA==",
      "requires": {
        "balanced-match": "^1.0.0",
        "concat-map": "0.0.1"
      }
    },
    "camelcase": {
      "version": "5.3.1",
      "resolved": "http://registry.npm.taobao.org/camelcase/download/camelcase-5.3.1.tgz",
      "integrity": "sha1-48mzFWnhBoEd8kL3FXJaH0xJQyA=",
      "dev": true
    },
    "chalk": {
      "version": "2.4.2",
      "resolved": "https://registry.npmjs.org/chalk/-/chalk-2.4.2.tgz",
      "integrity": "sha512-Mti+f9lpJNcwF4tWV8/OrTTtF1gZi+f8FqlyAdouralcFWFQWF2+NgCHShjkCb+IFBLq9buZwE1xckQU4peSuQ==",
      "dev": true,
      "requires": {
        "ansi-styles": "^3.2.1",
        "escape-string-regexp": "^1.0.5",
        "supports-color": "^5.3.0"
      }
    },
    "chardet": {
      "version": "0.7.0",
      "resolved": "http://registry.npm.taobao.org/chardet/download/chardet-0.7.0.tgz",
      "integrity": "sha1-kAlISfCTfy7twkJdDSip5fDLrZ4=",
      "dev": true
    },
    "cli-cursor": {
      "version": "2.1.0",
      "resolved": "https://registry.npm.taobao.org/cli-cursor/download/cli-cursor-2.1.0.tgz",
      "integrity": "sha1-s12sN2R5+sw+lHR9QdDQ9SOP/LU=",
      "dev": true,
      "requires": {
        "restore-cursor": "^2.0.0"
      }
    },
    "cli-width": {
      "version": "2.2.0",
      "resolved": "http://registry.npm.taobao.org/cli-width/download/cli-width-2.2.0.tgz",
      "integrity": "sha1-/xnt6Kml5XkyQUewwR8PvLq+1jk=",
      "dev": true
    },
    "cliui": {
      "version": "4.1.0",
      "resolved": "http://registry.npm.taobao.org/cliui/download/cliui-4.1.0.tgz",
      "integrity": "sha1-NIQi2+gtgAswIu709qwQvy5NG0k=",
      "dev": true,
      "requires": {
        "string-width": "^2.1.1",
        "strip-ansi": "^4.0.0",
        "wrap-ansi": "^2.0.0"
      }
    },
    "code-point-at": {
      "version": "1.1.0",
      "resolved": "https://registry.npmjs.org/code-point-at/-/code-point-at-1.1.0.tgz",
      "integrity": "sha1-DQcLTQQ6W+ozovGkDi7bPZpMz3c=",
      "dev": true
    },
    "color-convert": {
      "version": "1.9.3",
      "resolved": "https://registry.npmjs.org/color-convert/-/color-convert-1.9.3.tgz",
      "integrity": "sha512-QfAUtd+vFdAtFQcC8CCyYt1fYWxSqAiK2cSD6zDB8N3cpsEBAvRxp9zOGg6G/SHHJYAT88/az/IuDGALsNVbGg==",
      "dev": true,
      "requires": {
        "color-name": "1.1.3"
      }
    },
    "color-name": {
      "version": "1.1.3",
      "resolved": "https://registry.npmjs.org/color-name/-/color-name-1.1.3.tgz",
      "integrity": "sha1-p9BVi9icQveV3UIyj3QIMcpTvCU=",
      "dev": true
    },
    "concat-map": {
      "version": "0.0.1",
      "resolved": "https://registry.npmjs.org/concat-map/-/concat-map-0.0.1.tgz",
      "integrity": "sha1-2Klr13/Wjfd5OnMDajug1UBdR3s="
    },
    "core-js": {
      "version": "2.6.5",
      "resolved": "https://registry.npm.taobao.org/core-js/download/core-js-2.6.5.tgz?cache=0&other_urls=https%3A%2F%2Fregistry.npm.taobao.org%2Fcore-js%2Fdownload%2Fcore-js-2.6.5.tgz",
      "integrity": "sha1-RLyNJJ5/sv9dAOA0Gn/7lPv2eJU=",
      "dev": true
    },
    "cross-spawn": {
      "version": "6.0.5",
      "resolved": "http://registry.npm.taobao.org/cross-spawn/download/cross-spawn-6.0.5.tgz",
      "integrity": "sha1-Sl7Hxk364iw6FBJNus3uhG2Ay8Q=",
      "dev": true,
      "requires": {
        "nice-try": "^1.0.4",
        "path-key": "^2.0.1",
        "semver": "^5.5.0",
        "shebang-command": "^1.2.0",
        "which": "^1.2.9"
      }
    },
    "debug": {
      "version": "4.1.1",
      "resolved": "http://registry.npm.taobao.org/debug/download/debug-4.1.1.tgz",
      "integrity": "sha1-O3ImAlUQnGtYnO4FDx1RYTlmR5E=",
      "dev": true,
      "requires": {
        "ms": "^2.1.1"
      }
    },
    "decamelize": {
      "version": "1.2.0",
      "resolved": "https://registry.npmjs.org/decamelize/-/decamelize-1.2.0.tgz",
      "integrity": "sha1-9lNNFRSCabIDUue+4m9QH5oZEpA=",
      "dev": true
    },
    "detect-indent": {
      "version": "4.0.0",
      "resolved": "http://registry.npm.taobao.org/detect-indent/download/detect-indent-4.0.0.tgz",
      "integrity": "sha1-920GQ1LN9Docts5hnE7jqUdd4gg=",
      "dev": true,
      "requires": {
        "repeating": "^2.0.0"
      }
    },
    "emoji-regex": {
      "version": "7.0.3",
      "resolved": "http://registry.npm.taobao.org/emoji-regex/download/emoji-regex-7.0.3.tgz",
      "integrity": "sha1-kzoEBShgyF6DwSJHnEdIqOTHIVY=",
      "dev": true
    },
    "end-of-stream": {
      "version": "1.4.1",
      "resolved": "http://registry.npm.taobao.org/end-of-stream/download/end-of-stream-1.4.1.tgz",
      "integrity": "sha1-7SljTRm6ukY7bOa4CjchPqtx7EM=",
      "dev": true,
      "requires": {
        "once": "^1.4.0"
      }
    },
    "escape-string-regexp": {
      "version": "1.0.5",
      "resolved": "https://registry.npmjs.org/escape-string-regexp/-/escape-string-regexp-1.0.5.tgz",
      "integrity": "sha1-G2HAViGQqN/2rjuyzwIAyhMLhtQ=",
      "dev": true
    },
    "esutils": {
      "version": "2.0.2",
      "resolved": "http://registry.npm.taobao.org/esutils/download/esutils-2.0.2.tgz",
      "integrity": "sha1-Cr9PHKpbyx96nYrMbepPqqBLrJs=",
      "dev": true
    },
    "execa": {
      "version": "1.0.0",
      "resolved": "http://registry.npm.taobao.org/execa/download/execa-1.0.0.tgz",
      "integrity": "sha1-xiNqW7TfbW8V6I5/AXeYIWdJ3dg=",
      "dev": true,
      "requires": {
        "cross-spawn": "^6.0.0",
        "get-stream": "^4.0.0",
        "is-stream": "^1.1.0",
        "npm-run-path": "^2.0.0",
        "p-finally": "^1.0.0",
        "signal-exit": "^3.0.0",
        "strip-eof": "^1.0.0"
      }
    },
    "external-editor": {
      "version": "3.0.3",
      "resolved": "http://registry.npm.taobao.org/external-editor/download/external-editor-3.0.3.tgz",
      "integrity": "sha1-WGbbKal4Jtvkvzr9JAcOrZ6kOic=",
      "dev": true,
      "requires": {
        "chardet": "^0.7.0",
        "iconv-lite": "^0.4.24",
        "tmp": "^0.0.33"
      }
    },
    "figures": {
      "version": "2.0.0",
      "resolved": "https://registry.npm.taobao.org/figures/download/figures-2.0.0.tgz",
      "integrity": "sha1-OrGi0qYsi/tDGgyUy3l6L84nyWI=",
      "dev": true,
      "requires": {
        "escape-string-regexp": "^1.0.5"
      }
    },
    "find-up": {
      "version": "3.0.0",
      "resolved": "http://registry.npm.taobao.org/find-up/download/find-up-3.0.0.tgz",
      "integrity": "sha1-SRafHXmTQwZG2mHsxa41XCHJe3M=",
      "dev": true,
      "requires": {
        "locate-path": "^3.0.0"
      }
    },
    "fs.realpath": {
      "version": "1.0.0",
      "resolved": "https://registry.npmjs.org/fs.realpath/-/fs.realpath-1.0.0.tgz",
      "integrity": "sha1-FQStJSMVjKpA20onh8sBQRmU6k8="
    },
    "get-caller-file": {
      "version": "2.0.5",
      "resolved": "http://registry.npm.taobao.org/get-caller-file/download/get-caller-file-2.0.5.tgz",
      "integrity": "sha1-T5RBKoLbMvNuOwuXQfipf+sDH34=",
      "dev": true
    },
    "get-stream": {
      "version": "4.1.0",
      "resolved": "http://registry.npm.taobao.org/get-stream/download/get-stream-4.1.0.tgz?cache=0&other_urls=http%3A%2F%2Fregistry.npm.taobao.org%2Fget-stream%2Fdownload%2Fget-stream-4.1.0.tgz",
      "integrity": "sha1-wbJVV189wh1Zv8ec09K0axw6VLU=",
      "dev": true,
      "requires": {
        "pump": "^3.0.0"
      }
    },
    "glob": {
      "version": "7.1.3",
      "resolved": "https://registry.npmjs.org/glob/-/glob-7.1.3.tgz",
      "integrity": "sha512-vcfuiIxogLV4DlGBHIUOwI0IbrJ8HWPc4MU7HzviGeNho/UJDfi6B5p3sHeWIQ0KGIU0Jpxi5ZHxemQfLkkAwQ==",
      "requires": {
        "fs.realpath": "^1.0.0",
        "inflight": "^1.0.4",
        "inherits": "2",
        "minimatch": "^3.0.4",
        "once": "^1.3.0",
        "path-is-absolute": "^1.0.0"
      }
    },
    "globals": {
      "version": "11.11.0",
      "resolved": "http://registry.npm.taobao.org/globals/download/globals-11.11.0.tgz",
      "integrity": "sha1-3Pk3V/ot5Uhvvu1xGFOK33ienC4=",
      "dev": true
    },
    "has-flag": {
      "version": "3.0.0",
      "resolved": "https://registry.npmjs.org/has-flag/-/has-flag-3.0.0.tgz",
      "integrity": "sha1-tdRU3CGZriJWmfNGfloH87lVuv0=",
      "dev": true
    },
    "iconv-lite": {
      "version": "0.4.24",
      "resolved": "http://registry.npm.taobao.org/iconv-lite/download/iconv-lite-0.4.24.tgz",
      "integrity": "sha1-ICK0sl+93CHS9SSXSkdKr+czkIs=",
      "dev": true,
      "requires": {
        "safer-buffer": ">= 2.1.2 < 3"
      }
    },
    "inflight": {
      "version": "1.0.6",
      "resolved": "https://registry.npmjs.org/inflight/-/inflight-1.0.6.tgz",
      "integrity": "sha1-Sb1jMdfQLQwJvJEKEHW6gWW1bfk=",
      "requires": {
        "once": "^1.3.0",
        "wrappy": "1"
      }
    },
    "inherits": {
      "version": "2.0.3",
      "resolved": "https://registry.npmjs.org/inherits/-/inherits-2.0.3.tgz",
      "integrity": "sha1-Yzwsg+PaQqUC9SRmAiSA9CCCYd4="
    },
    "inquirer": {
      "version": "6.3.1",
      "resolved": "https://registry.npm.taobao.org/inquirer/download/inquirer-6.3.1.tgz",
      "integrity": "sha1-ekE7XnlQgRATo9tJHGHR87d26Oc=",
      "dev": true,
      "requires": {
        "ansi-escapes": "^3.2.0",
        "chalk": "^2.4.2",
        "cli-cursor": "^2.1.0",
        "cli-width": "^2.0.0",
        "external-editor": "^3.0.3",
        "figures": "^2.0.0",
        "lodash": "^4.17.11",
        "mute-stream": "0.0.7",
        "run-async": "^2.2.0",
        "rxjs": "^6.4.0",
        "string-width": "^2.1.0",
        "strip-ansi": "^5.1.0",
        "through": "^2.3.6"
      },
      "dependencies": {
        "ansi-regex": {
          "version": "4.1.0",
          "resolved": "http://registry.npm.taobao.org/ansi-regex/download/ansi-regex-4.1.0.tgz",
          "integrity": "sha1-i5+PCM8ay4Q3Vqg5yox+MWjFGZc=",
          "dev": true
        },
        "strip-ansi": {
          "version": "5.2.0",
          "resolved": "http://registry.npm.taobao.org/strip-ansi/download/strip-ansi-5.2.0.tgz",
          "integrity": "sha1-jJpTb+tq/JYr36WxBKUJHBrZwK4=",
          "dev": true,
          "requires": {
            "ansi-regex": "^4.1.0"
          }
        }
      }
    },
    "interpret": {
      "version": "1.2.0",
      "resolved": "https://registry.npmjs.org/interpret/-/interpret-1.2.0.tgz",
      "integrity": "sha512-mT34yGKMNceBQUoVn7iCDKDntA7SC6gycMAWzGx1z/CMCTV7b2AAtXlo3nRyHZ1FelRkQbQjprHSYGwzLtkVbw=="
    },
    "invert-kv": {
      "version": "2.0.0",
      "resolved": "http://registry.npm.taobao.org/invert-kv/download/invert-kv-2.0.0.tgz",
      "integrity": "sha1-c5P1r6Weyf9fZ6J2INEcIm4+7AI=",
      "dev": true
    },
    "is-finite": {
      "version": "1.0.2",
      "resolved": "http://registry.npm.taobao.org/is-finite/download/is-finite-1.0.2.tgz",
      "integrity": "sha1-zGZ3aVYCvlUO8R6LSqYwU0K20Ko=",
      "dev": true,
      "requires": {
        "number-is-nan": "^1.0.0"
      }
    },
    "is-fullwidth-code-point": {
      "version": "2.0.0",
      "resolved": "https://registry.npmjs.org/is-fullwidth-code-point/-/is-fullwidth-code-point-2.0.0.tgz",
      "integrity": "sha1-o7MKXE8ZkYMWeqq5O+764937ZU8=",
      "dev": true
    },
    "is-promise": {
      "version": "2.1.0",
      "resolved": "http://registry.npm.taobao.org/is-promise/download/is-promise-2.1.0.tgz",
      "integrity": "sha1-eaKp7OfwlugPNtKy87wWwf9L8/o=",
      "dev": true
    },
    "is-stream": {
      "version": "1.1.0",
      "resolved": "https://registry.npmjs.org/is-stream/-/is-stream-1.1.0.tgz",
      "integrity": "sha1-EtSj3U5o4Lec6428hBc66A2RykQ=",
      "dev": true
    },
    "isexe": {
      "version": "2.0.0",
      "resolved": "https://registry.npmjs.org/isexe/-/isexe-2.0.0.tgz",
      "integrity": "sha1-6PvzdNxVb/iUehDcsFctYz8s+hA=",
      "dev": true
    },
    "js-tokens": {
      "version": "4.0.0",
      "resolved": "http://registry.npm.taobao.org/js-tokens/download/js-tokens-4.0.0.tgz",
      "integrity": "sha1-GSA/tZmR35jjoocFDUZHzerzJJk=",
      "dev": true
    },
    "jsesc": {
      "version": "2.5.2",
      "resolved": "http://registry.npm.taobao.org/jsesc/download/jsesc-2.5.2.tgz",
      "integrity": "sha1-gFZNLkg9rPbo7yCWUKZ98/DCg6Q=",
      "dev": true
    },
    "lcid": {
      "version": "2.0.0",
      "resolved": "http://registry.npm.taobao.org/lcid/download/lcid-2.0.0.tgz",
      "integrity": "sha1-bvXS32DlL4LrIopMNz6NHzlyU88=",
      "dev": true,
      "requires": {
        "invert-kv": "^2.0.0"
      }
    },
    "locate-path": {
      "version": "3.0.0",
      "resolved": "http://registry.npm.taobao.org/locate-path/download/locate-path-3.0.0.tgz",
      "integrity": "sha1-2+w7OrdZdYBxtY/ln8QYca8hQA4=",
      "dev": true,
      "requires": {
        "p-locate": "^3.0.0",
        "path-exists": "^3.0.0"
      }
    },
    "lodash": {
      "version": "4.17.11",
      "resolved": "http://registry.npm.taobao.org/lodash/download/lodash-4.17.11.tgz",
      "integrity": "sha1-s56mIp72B+zYniyN8SU2iRysm40=",
      "dev": true
    },
    "map-age-cleaner": {
      "version": "0.1.3",
      "resolved": "http://registry.npm.taobao.org/map-age-cleaner/download/map-age-cleaner-0.1.3.tgz",
      "integrity": "sha1-fVg6cwZDTAVf5HSw9FB45uG0uSo=",
      "dev": true,
      "requires": {
        "p-defer": "^1.0.0"
      }
    },
    "mem": {
      "version": "4.3.0",
      "resolved": "http://registry.npm.taobao.org/mem/download/mem-4.3.0.tgz",
      "integrity": "sha1-Rhr0l7xK4JYIzbLmDu+2m/90QXg=",
      "dev": true,
      "requires": {
        "map-age-cleaner": "^0.1.1",
        "mimic-fn": "^2.0.0",
        "p-is-promise": "^2.0.0"
      },
      "dependencies": {
        "mimic-fn": {
          "version": "2.1.0",
          "resolved": "http://registry.npm.taobao.org/mimic-fn/download/mimic-fn-2.1.0.tgz?cache=0&other_urls=http%3A%2F%2Fregistry.npm.taobao.org%2Fmimic-fn%2Fdownload%2Fmimic-fn-2.1.0.tgz",
          "integrity": "sha1-ftLCzMyvhNP/y3pptXcR/CCDQBs=",
          "dev": true
        }
      }
    },
    "mimic-fn": {
      "version": "1.2.0",
      "resolved": "https://registry.npmjs.org/mimic-fn/-/mimic-fn-1.2.0.tgz",
      "integrity": "sha512-jf84uxzwiuiIVKiOLpfYk7N46TSy8ubTonmneY9vrpHNAnp0QBt2BxWV9dO3/j+BoVAb+a5G6YDPW3M5HOdMWQ==",
      "dev": true
    },
    "minimatch": {
      "version": "3.0.4",
      "resolved": "https://registry.npmjs.org/minimatch/-/minimatch-3.0.4.tgz",
      "integrity": "sha512-yJHVQEhyqPLUTgt9B83PXu6W3rx4MvvHvSUvToogpwoGDOUQ+yDrR0HRot+yOCdCO7u4hX3pWft6kWBBcqh0UA==",
      "requires": {
        "brace-expansion": "^1.1.7"
      }
    },
    "minimist": {
      "version": "1.2.0",
      "resolved": "https://registry.npmjs.org/minimist/-/minimist-1.2.0.tgz",
      "integrity": "sha1-o1AIsg9BOD7sH7kU9M1d95omQoQ="
    },
    "ms": {
      "version": "2.1.1",
      "resolved": "http://registry.npm.taobao.org/ms/download/ms-2.1.1.tgz",
      "integrity": "sha1-MKWGTrPrsKZvLr5tcnrwagnYbgo=",
      "dev": true
    },
    "mute-stream": {
      "version": "0.0.7",
      "resolved": "http://registry.npm.taobao.org/mute-stream/download/mute-stream-0.0.7.tgz",
      "integrity": "sha1-MHXOk7whuPq0PhvE2n6BFe0ee6s=",
      "dev": true
    },
    "nice-try": {
      "version": "1.0.5",
      "resolved": "http://registry.npm.taobao.org/nice-try/download/nice-try-1.0.5.tgz",
      "integrity": "sha1-ozeKdpbOfSI+iPybdkvX7xCJ42Y=",
      "dev": true
    },
    "node-version-compare": {
      "version": "1.0.2",
      "resolved": "https://registry.npmjs.org/node-version-compare/-/node-version-compare-1.0.2.tgz",
      "integrity": "sha512-OVcHSPS3nROlBQXcALptOR0j2lOabC9wE2S+y+Fvr7nSDqoO/LCNzRdVGVovipeHUXs5jAqq7GelWE1X4J1sEw==",
      "dev": true
    },
    "npm-run-path": {
      "version": "2.0.2",
      "resolved": "https://registry.npmjs.org/npm-run-path/-/npm-run-path-2.0.2.tgz",
      "integrity": "sha1-NakjLfo11wZ7TLLd8jV7GHFTbF8=",
      "dev": true,
      "requires": {
        "path-key": "^2.0.0"
      }
    },
    "number-is-nan": {
      "version": "1.0.1",
      "resolved": "https://registry.npmjs.org/number-is-nan/-/number-is-nan-1.0.1.tgz",
      "integrity": "sha1-CXtgK1NCKlIsGvuHkDGDNpQaAR0=",
      "dev": true
    },
    "once": {
      "version": "1.4.0",
      "resolved": "https://registry.npmjs.org/once/-/once-1.4.0.tgz",
      "integrity": "sha1-WDsap3WWHUsROsF9nFC6753Xa9E=",
      "requires": {
        "wrappy": "1"
      }
    },
    "onetime": {
      "version": "2.0.1",
      "resolved": "https://registry.npm.taobao.org/onetime/download/onetime-2.0.1.tgz",
      "integrity": "sha1-BnQoIw/WdEOyeUsiu6UotoZ5YtQ=",
      "dev": true,
      "requires": {
        "mimic-fn": "^1.0.0"
      }
    },
    "os-locale": {
      "version": "3.1.0",
      "resolved": "http://registry.npm.taobao.org/os-locale/download/os-locale-3.1.0.tgz",
      "integrity": "sha1-qAKm7hfyTBBIOrmTVxnO9O0Wvxo=",
      "dev": true,
      "requires": {
        "execa": "^1.0.0",
        "lcid": "^2.0.0",
        "mem": "^4.0.0"
      }
    },
    "os-tmpdir": {
      "version": "1.0.2",
      "resolved": "http://registry.npm.taobao.org/os-tmpdir/download/os-tmpdir-1.0.2.tgz",
      "integrity": "sha1-u+Z0BseaqFxc/sdm/lc0VV36EnQ=",
      "dev": true
    },
    "p-defer": {
      "version": "1.0.0",
      "resolved": "https://registry.npmjs.org/p-defer/-/p-defer-1.0.0.tgz",
      "integrity": "sha1-n26xgvbJqozXQwBKfU+WsZaw+ww=",
      "dev": true
    },
    "p-finally": {
      "version": "1.0.0",
      "resolved": "https://registry.npmjs.org/p-finally/-/p-finally-1.0.0.tgz",
      "integrity": "sha1-P7z7FbiZpEEjs0ttzBi3JDNqLK4=",
      "dev": true
    },
    "p-is-promise": {
      "version": "2.1.0",
      "resolved": "http://registry.npm.taobao.org/p-is-promise/download/p-is-promise-2.1.0.tgz?cache=0&other_urls=http%3A%2F%2Fregistry.npm.taobao.org%2Fp-is-promise%2Fdownload%2Fp-is-promise-2.1.0.tgz",
      "integrity": "sha1-kYzrrqJIpiz3/6uOO8qMX4gvxC4=",
      "dev": true
    },
    "p-limit": {
      "version": "2.2.0",
      "resolved": "http://registry.npm.taobao.org/p-limit/download/p-limit-2.2.0.tgz",
      "integrity": "sha1-QXyZQeYCepq8ulCS3SkE4lW1+8I=",
      "dev": true,
      "requires": {
        "p-try": "^2.0.0"
      }
    },
    "p-locate": {
      "version": "3.0.0",
      "resolved": "http://registry.npm.taobao.org/p-locate/download/p-locate-3.0.0.tgz",
      "integrity": "sha1-Mi1poFwCZLJZl9n0DNiokasAZKQ=",
      "dev": true,
      "requires": {
        "p-limit": "^2.0.0"
      }
    },
    "p-try": {
      "version": "2.2.0",
      "resolved": "http://registry.npm.taobao.org/p-try/download/p-try-2.2.0.tgz",
      "integrity": "sha1-yyhoVA4xPWHeWPr741zpAE1VQOY=",
      "dev": true
    },
    "path-exists": {
      "version": "3.0.0",
      "resolved": "https://registry.npmjs.org/path-exists/-/path-exists-3.0.0.tgz",
      "integrity": "sha1-zg6+ql94yxiSXqfYENe1mwEP1RU=",
      "dev": true
    },
    "path-is-absolute": {
      "version": "1.0.1",
      "resolved": "https://registry.npmjs.org/path-is-absolute/-/path-is-absolute-1.0.1.tgz",
      "integrity": "sha1-F0uSaHNVNP+8es5r9TpanhtcX18="
    },
    "path-key": {
      "version": "2.0.1",
      "resolved": "https://registry.npmjs.org/path-key/-/path-key-2.0.1.tgz",
      "integrity": "sha1-QRyttXTFoUDTpLGRDUDYDMn0C0A=",
      "dev": true
    },
    "path-parse": {
      "version": "1.0.6",
      "resolved": "https://registry.npmjs.org/path-parse/-/path-parse-1.0.6.tgz",
      "integrity": "sha512-GSmOT2EbHrINBf9SR7CDELwlJ8AENk3Qn7OikK4nFYAu3Ote2+JYNVvkpAEQm3/TLNEJFD/xZJjzyxg3KBWOzw=="
    },
    "pump": {
      "version": "3.0.0",
      "resolved": "http://registry.npm.taobao.org/pump/download/pump-3.0.0.tgz",
      "integrity": "sha1-tKIRaBW94vTh6mAjVOjHVWUQemQ=",
      "dev": true,
      "requires": {
        "end-of-stream": "^1.1.0",
        "once": "^1.3.1"
      }
    },
    "rechoir": {
      "version": "0.6.2",
      "resolved": "https://registry.npmjs.org/rechoir/-/rechoir-0.6.2.tgz",
      "integrity": "sha1-hSBLVNuoLVdC4oyWdW70OvUOM4Q=",
      "requires": {
        "resolve": "^1.1.6"
      }
    },
    "regenerator-runtime": {
      "version": "0.11.1",
      "resolved": "https://registry.npm.taobao.org/regenerator-runtime/download/regenerator-runtime-0.11.1.tgz",
      "integrity": "sha1-vgWtf5v30i4Fb5cmzuUBf78Z4uk=",
      "dev": true
    },
    "repeating": {
      "version": "2.0.1",
      "resolved": "http://registry.npm.taobao.org/repeating/download/repeating-2.0.1.tgz",
      "integrity": "sha1-UhTFOpJtNVJwdSf7q0FdvAjQbdo=",
      "dev": true,
      "requires": {
        "is-finite": "^1.0.0"
      }
    },
    "replace-in-file": {
      "version": "3.4.4",
      "resolved": "https://registry.npm.taobao.org/replace-in-file/download/replace-in-file-3.4.4.tgz",
      "integrity": "sha1-LCuVpJPcT2FhwrzSmmYb4W0D0yM=",
      "dev": true,
      "requires": {
        "chalk": "^2.4.2",
        "glob": "^7.1.3",
        "yargs": "^13.2.2"
      }
    },
    "require-directory": {
      "version": "2.1.1",
      "resolved": "https://registry.npmjs.org/require-directory/-/require-directory-2.1.1.tgz",
      "integrity": "sha1-jGStX9MNqxyXbiNE/+f3kqam30I=",
      "dev": true
    },
    "require-main-filename": {
      "version": "2.0.0",
      "resolved": "http://registry.npm.taobao.org/require-main-filename/download/require-main-filename-2.0.0.tgz",
      "integrity": "sha1-0LMp7MfMD2Fkn2IhW+aa9UqomJs=",
      "dev": true
    },
    "resolve": {
      "version": "1.10.0",
      "resolved": "https://registry.npmjs.org/resolve/-/resolve-1.10.0.tgz",
      "integrity": "sha512-3sUr9aq5OfSg2S9pNtPA9hL1FVEAjvfOC4leW0SNf/mpnaakz2a9femSd6LqAww2RaFctwyf1lCqnTHuF1rxDg==",
      "requires": {
        "path-parse": "^1.0.6"
      }
    },
    "restore-cursor": {
      "version": "2.0.0",
      "resolved": "https://registry.npm.taobao.org/restore-cursor/download/restore-cursor-2.0.0.tgz",
      "integrity": "sha1-n37ih/gv0ybU/RYpI9YhKe7g368=",
      "dev": true,
      "requires": {
        "onetime": "^2.0.0",
        "signal-exit": "^3.0.2"
      }
    },
    "run-async": {
      "version": "2.3.0",
      "resolved": "http://registry.npm.taobao.org/run-async/download/run-async-2.3.0.tgz",
      "integrity": "sha1-A3GrSuC91yDUFm19/aZP96RFpsA=",
      "dev": true,
      "requires": {
        "is-promise": "^2.1.0"
      }
    },
    "rxjs": {
      "version": "6.5.1",
      "resolved": "https://registry.npm.taobao.org/rxjs/download/rxjs-6.5.1.tgz",
      "integrity": "sha1-96AFqThjYZIbhSTzj1TL+A5dCPQ=",
      "dev": true,
      "requires": {
        "tslib": "^1.9.0"
      }
    },
    "safer-buffer": {
      "version": "2.1.2",
      "resolved": "http://registry.npm.taobao.org/safer-buffer/download/safer-buffer-2.1.2.tgz",
      "integrity": "sha1-RPoWGwGHuVSd2Eu5GAL5vYOFzWo=",
      "dev": true
    },
    "semver": {
      "version": "5.7.0",
      "resolved": "http://registry.npm.taobao.org/semver/download/semver-5.7.0.tgz",
      "integrity": "sha1-eQp89v6lRZuslhELKbYEEtyP+Ws=",
      "dev": true
    },
    "set-blocking": {
      "version": "2.0.0",
      "resolved": "https://registry.npmjs.org/set-blocking/-/set-blocking-2.0.0.tgz",
      "integrity": "sha1-BF+XgtARrppoA93TgrJDkrPYkPc=",
      "dev": true
    },
    "shebang-command": {
      "version": "1.2.0",
      "resolved": "https://registry.npmjs.org/shebang-command/-/shebang-command-1.2.0.tgz",
      "integrity": "sha1-RKrGW2lbAzmJaMOfNj/uXer98eo=",
      "dev": true,
      "requires": {
        "shebang-regex": "^1.0.0"
      }
    },
    "shebang-regex": {
      "version": "1.0.0",
      "resolved": "https://registry.npmjs.org/shebang-regex/-/shebang-regex-1.0.0.tgz",
      "integrity": "sha1-2kL0l0DAtC2yypcoVxyxkMmO/qM=",
      "dev": true
    },
    "shelljs": {
      "version": "0.8.3",
      "resolved": "https://registry.npmjs.org/shelljs/-/shelljs-0.8.3.tgz",
      "integrity": "sha512-fc0BKlAWiLpwZljmOvAOTE/gXawtCoNrP5oaY7KIaQbbyHeQVg01pSEuEGvGh3HEdBU4baCD7wQBwADmM/7f7A==",
      "requires": {
        "glob": "^7.0.0",
        "interpret": "^1.0.0",
        "rechoir": "^0.6.2"
      }
    },
    "signal-exit": {
      "version": "3.0.2",
      "resolved": "https://registry.npmjs.org/signal-exit/-/signal-exit-3.0.2.tgz",
      "integrity": "sha1-tf3AjxKH6hF4Yo5BXiUTK3NkbG0=",
      "dev": true
    },
    "source-map": {
      "version": "0.5.7",
      "resolved": "http://registry.npm.taobao.org/source-map/download/source-map-0.5.7.tgz",
      "integrity": "sha1-igOdLRAh0i0eoUyA2OpGi6LvP8w=",
      "dev": true
    },
    "string-width": {
      "version": "2.1.1",
      "resolved": "https://registry.npmjs.org/string-width/-/string-width-2.1.1.tgz",
      "integrity": "sha512-nOqH59deCq9SRHlxq1Aw85Jnt4w6KvLKqWVik6oA9ZklXLNIOlqg4F2yrT1MVaTjAqvVwdfeZ7w7aCvJD7ugkw==",
      "dev": true,
      "requires": {
        "is-fullwidth-code-point": "^2.0.0",
        "strip-ansi": "^4.0.0"
      }
    },
    "strip-ansi": {
      "version": "4.0.0",
      "resolved": "https://registry.npmjs.org/strip-ansi/-/strip-ansi-4.0.0.tgz",
      "integrity": "sha1-qEeQIusaw2iocTibY1JixQXuNo8=",
      "dev": true,
      "requires": {
        "ansi-regex": "^3.0.0"
      }
    },
    "strip-eof": {
      "version": "1.0.0",
      "resolved": "https://registry.npmjs.org/strip-eof/-/strip-eof-1.0.0.tgz",
      "integrity": "sha1-u0P/VZim6wXYm1n80SnJgzE2Br8=",
      "dev": true
    },
    "supports-color": {
      "version": "5.5.0",
      "resolved": "https://registry.npmjs.org/supports-color/-/supports-color-5.5.0.tgz",
      "integrity": "sha512-QjVjwdXIt408MIiAqCX4oUKsgU2EqAGzs2Ppkm4aQYbjm+ZEWEcW4SfFNTr4uMNZma0ey4f5lgLrkB0aX0QMow==",
      "dev": true,
      "requires": {
        "has-flag": "^3.0.0"
      }
    },
    "through": {
      "version": "2.3.8",
      "resolved": "http://registry.npm.taobao.org/through/download/through-2.3.8.tgz",
      "integrity": "sha1-DdTJ/6q8NXlgsbckEV1+Doai4fU=",
      "dev": true
    },
    "tmp": {
      "version": "0.0.33",
      "resolved": "https://registry.npm.taobao.org/tmp/download/tmp-0.0.33.tgz?cache=0&other_urls=https%3A%2F%2Fregistry.npm.taobao.org%2Ftmp%2Fdownload%2Ftmp-0.0.33.tgz",
      "integrity": "sha1-bTQzWIl2jSGyvNoKonfO07G/rfk=",
      "dev": true,
      "requires": {
        "os-tmpdir": "~1.0.2"
      }
    },
    "to-fast-properties": {
      "version": "2.0.0",
      "resolved": "http://registry.npm.taobao.org/to-fast-properties/download/to-fast-properties-2.0.0.tgz",
      "integrity": "sha1-3F5pjL0HkmW8c+A3doGk5Og/YW4=",
      "dev": true
    },
    "trim-right": {
      "version": "1.0.1",
      "resolved": "http://registry.npm.taobao.org/trim-right/download/trim-right-1.0.1.tgz",
      "integrity": "sha1-yy4SAwZ+DI3h9hQJS5/kVwTqYAM=",
      "dev": true
    },
    "tslib": {
      "version": "1.9.3",
      "resolved": "http://registry.npm.taobao.org/tslib/download/tslib-1.9.3.tgz",
      "integrity": "sha1-1+TdeSRdhUKMTX5IIqeZF5VMooY=",
      "dev": true
    },
    "which": {
      "version": "1.3.1",
      "resolved": "http://registry.npm.taobao.org/which/download/which-1.3.1.tgz",
      "integrity": "sha1-pFBD1U9YBTFtqNYvn1CRjT2nCwo=",
      "dev": true,
      "requires": {
        "isexe": "^2.0.0"
      }
    },
    "which-module": {
      "version": "2.0.0",
      "resolved": "https://registry.npmjs.org/which-module/-/which-module-2.0.0.tgz",
      "integrity": "sha1-2e8H3Od7mQK4o6j6SzHD4/fm6Ho=",
      "dev": true
    },
    "wrap-ansi": {
      "version": "2.1.0",
      "resolved": "https://registry.npmjs.org/wrap-ansi/-/wrap-ansi-2.1.0.tgz",
      "integrity": "sha1-2Pw9KE3QV5T+hJc8rs3Rz4JP3YU=",
      "dev": true,
      "requires": {
        "string-width": "^1.0.1",
        "strip-ansi": "^3.0.1"
      },
      "dependencies": {
        "ansi-regex": {
          "version": "2.1.1",
          "resolved": "https://registry.npmjs.org/ansi-regex/-/ansi-regex-2.1.1.tgz",
          "integrity": "sha1-w7M6te42DYbg5ijwRorn7yfWVN8=",
          "dev": true
        },
        "is-fullwidth-code-point": {
          "version": "1.0.0",
          "resolved": "https://registry.npmjs.org/is-fullwidth-code-point/-/is-fullwidth-code-point-1.0.0.tgz",
          "integrity": "sha1-754xOG8DGn8NZDr4L95QxFfvAMs=",
          "dev": true,
          "requires": {
            "number-is-nan": "^1.0.0"
          }
        },
        "string-width": {
          "version": "1.0.2",
          "resolved": "https://registry.npmjs.org/string-width/-/string-width-1.0.2.tgz",
          "integrity": "sha1-EYvfW4zcUaKn5w0hHgfisLmxB9M=",
          "dev": true,
          "requires": {
            "code-point-at": "^1.0.0",
            "is-fullwidth-code-point": "^1.0.0",
            "strip-ansi": "^3.0.0"
          }
        },
        "strip-ansi": {
          "version": "3.0.1",
          "resolved": "https://registry.npmjs.org/strip-ansi/-/strip-ansi-3.0.1.tgz",
          "integrity": "sha1-ajhfuIU9lS1f8F0Oiq+UJ43GPc8=",
          "dev": true,
          "requires": {
            "ansi-regex": "^2.0.0"
          }
        }
      }
    },
    "wrappy": {
      "version": "1.0.2",
      "resolved": "https://registry.npmjs.org/wrappy/-/wrappy-1.0.2.tgz",
      "integrity": "sha1-tSQ9jz7BqjXxNkYFvA0QNuMKtp8="
    },
    "y18n": {
      "version": "4.0.0",
      "resolved": "http://registry.npm.taobao.org/y18n/download/y18n-4.0.0.tgz",
      "integrity": "sha1-le+U+F7MgdAHwmThkKEg8KPIVms=",
      "dev": true
    },
    "yargs": {
      "version": "13.2.2",
      "resolved": "http://registry.npm.taobao.org/yargs/download/yargs-13.2.2.tgz",
      "integrity": "sha1-DBAfWArpXOp/Odkn53cOP9yX+ZM=",
      "dev": true,
      "requires": {
        "cliui": "^4.0.0",
        "find-up": "^3.0.0",
        "get-caller-file": "^2.0.1",
        "os-locale": "^3.1.0",
        "require-directory": "^2.1.1",
        "require-main-filename": "^2.0.0",
        "set-blocking": "^2.0.0",
        "string-width": "^3.0.0",
        "which-module": "^2.0.0",
        "y18n": "^4.0.0",
        "yargs-parser": "^13.0.0"
      },
      "dependencies": {
        "ansi-regex": {
          "version": "4.1.0",
          "resolved": "http://registry.npm.taobao.org/ansi-regex/download/ansi-regex-4.1.0.tgz",
          "integrity": "sha1-i5+PCM8ay4Q3Vqg5yox+MWjFGZc=",
          "dev": true
        },
        "string-width": {
          "version": "3.1.0",
          "resolved": "http://registry.npm.taobao.org/string-width/download/string-width-3.1.0.tgz",
          "integrity": "sha1-InZ74htirxCBV0MG9prFG2IgOWE=",
          "dev": true,
          "requires": {
            "emoji-regex": "^7.0.1",
            "is-fullwidth-code-point": "^2.0.0",
            "strip-ansi": "^5.1.0"
          }
        },
        "strip-ansi": {
          "version": "5.2.0",
          "resolved": "http://registry.npm.taobao.org/strip-ansi/download/strip-ansi-5.2.0.tgz",
          "integrity": "sha1-jJpTb+tq/JYr36WxBKUJHBrZwK4=",
          "dev": true,
          "requires": {
            "ansi-regex": "^4.1.0"
          }
        }
      }
    },
    "yargs-parser": {
      "version": "13.0.0",
      "resolved": "http://registry.npm.taobao.org/yargs-parser/download/yargs-parser-13.0.0.tgz",
      "integrity": "sha1-P8RPPnaovbHMNgLoYBCGAuXM3os=",
      "dev": true,
      "requires": {
        "camelcase": "^5.0.0",
        "decamelize": "^1.2.0"
      }
    }
  }
}
